// !$*UTF8*$!
{
	archiveVersion = 1;
	classes = {
	};
	objectVersion = 46;
	objects = {

/* Begin PBXBuildFile section */
		0A3A5B001F67EE0900A95DD5 /* ListOrdersInteractor.swift in Sources */ = {isa = PBXBuildFile; fileRef = 0A3A5AFA1F67EE0900A95DD5 /* ListOrdersInteractor.swift */; };
		0A3A5B011F67EE0900A95DD5 /* ListOrdersModels.swift in Sources */ = {isa = PBXBuildFile; fileRef = 0A3A5AFB1F67EE0900A95DD5 /* ListOrdersModels.swift */; };
		0A3A5B021F67EE0900A95DD5 /* ListOrdersPresenter.swift in Sources */ = {isa = PBXBuildFile; fileRef = 0A3A5AFC1F67EE0900A95DD5 /* ListOrdersPresenter.swift */; };
		0A3A5B031F67EE0900A95DD5 /* ListOrdersRouter.swift in Sources */ = {isa = PBXBuildFile; fileRef = 0A3A5AFD1F67EE0900A95DD5 /* ListOrdersRouter.swift */; };
		0A3A5B041F67EE0900A95DD5 /* ListOrdersViewController.swift in Sources */ = {isa = PBXBuildFile; fileRef = 0A3A5AFE1F67EE0900A95DD5 /* ListOrdersViewController.swift */; };
		0A3A5B051F67EE0900A95DD5 /* ListOrdersWorker.swift in Sources */ = {isa = PBXBuildFile; fileRef = 0A3A5AFF1F67EE0900A95DD5 /* ListOrdersWorker.swift */; };
		0A3A5B0D1F67EE2E00A95DD5 /* CleanStoreTests.swift in Sources */ = {isa = PBXBuildFile; fileRef = 0A3A5B0C1F67EE2E00A95DD5 /* CleanStoreTests.swift */; };
		0A53FD421F6694E500B49D52 /* AppDelegate.swift in Sources */ = {isa = PBXBuildFile; fileRef = 0A53FD411F6694E500B49D52 /* AppDelegate.swift */; };
		0A53FD471F6694E500B49D52 /* Main.storyboard in Resources */ = {isa = PBXBuildFile; fileRef = 0A53FD451F6694E500B49D52 /* Main.storyboard */; };
		0A53FD491F6694E500B49D52 /* Assets.xcassets in Resources */ = {isa = PBXBuildFile; fileRef = 0A53FD481F6694E500B49D52 /* Assets.xcassets */; };
		0A53FD4C1F6694E500B49D52 /* LaunchScreen.storyboard in Resources */ = {isa = PBXBuildFile; fileRef = 0A53FD4A1F6694E500B49D52 /* LaunchScreen.storyboard */; };
		0A53FD671F66A34000B49D52 /* CreateOrderInteractor.swift in Sources */ = {isa = PBXBuildFile; fileRef = 0A53FD611F66A34000B49D52 /* CreateOrderInteractor.swift */; };
		0A53FD681F66A34000B49D52 /* CreateOrderModels.swift in Sources */ = {isa = PBXBuildFile; fileRef = 0A53FD621F66A34000B49D52 /* CreateOrderModels.swift */; };
		0A53FD691F66A34000B49D52 /* CreateOrderPresenter.swift in Sources */ = {isa = PBXBuildFile; fileRef = 0A53FD631F66A34000B49D52 /* CreateOrderPresenter.swift */; };
		0A53FD6A1F66A34000B49D52 /* CreateOrderRouter.swift in Sources */ = {isa = PBXBuildFile; fileRef = 0A53FD641F66A34000B49D52 /* CreateOrderRouter.swift */; };
		0A53FD6B1F66A34000B49D52 /* CreateOrderViewController.swift in Sources */ = {isa = PBXBuildFile; fileRef = 0A53FD651F66A34000B49D52 /* CreateOrderViewController.swift */; };
		0A53FD6C1F66A34000B49D52 /* CreateOrderWorker.swift in Sources */ = {isa = PBXBuildFile; fileRef = 0A53FD661F66A34000B49D52 /* CreateOrderWorker.swift */; };
/* End PBXBuildFile section */

/* Begin PBXContainerItemProxy section */
		0A3A5B0F1F67EE2E00A95DD5 /* PBXContainerItemProxy */ = {
			isa = PBXContainerItemProxy;
			containerPortal = 0A53FD361F6694E500B49D52 /* Project object */;
			proxyType = 1;
			remoteGlobalIDString = 0A53FD3D1F6694E500B49D52;
			remoteInfo = CleanStore;
		};
/* End PBXContainerItemProxy section */

/* Begin PBXFileReference section */
		0A3A5AFA1F67EE0900A95DD5 /* ListOrdersInteractor.swift */ = {isa = PBXFileReference; fileEncoding = 4; lastKnownFileType = sourcecode.swift; path = ListOrdersInteractor.swift; sourceTree = "<group>"; };
		0A3A5AFB1F67EE0900A95DD5 /* ListOrdersModels.swift */ = {isa = PBXFileReference; fileEncoding = 4; lastKnownFileType = sourcecode.swift; path = ListOrdersModels.swift; sourceTree = "<group>"; };
		0A3A5AFC1F67EE0900A95DD5 /* ListOrdersPresenter.swift */ = {isa = PBXFileReference; fileEncoding = 4; lastKnownFileType = sourcecode.swift; path = ListOrdersPresenter.swift; sourceTree = "<group>"; };
		0A3A5AFD1F67EE0900A95DD5 /* ListOrdersRouter.swift */ = {isa = PBXFileReference; fileEncoding = 4; lastKnownFileType = sourcecode.swift; path = ListOrdersRouter.swift; sourceTree = "<group>"; };
		0A3A5AFE1F67EE0900A95DD5 /* ListOrdersViewController.swift */ = {isa = PBXFileReference; fileEncoding = 4; lastKnownFileType = sourcecode.swift; path = ListOrdersViewController.swift; sourceTree = "<group>"; };
		0A3A5AFF1F67EE0900A95DD5 /* ListOrdersWorker.swift */ = {isa = PBXFileReference; fileEncoding = 4; lastKnownFileType = sourcecode.swift; path = ListOrdersWorker.swift; sourceTree = "<group>"; };
		0A3A5B0A1F67EE2E00A95DD5 /* CleanStoreTests.xctest */ = {isa = PBXFileReference; explicitFileType = wrapper.cfbundle; includeInIndex = 0; path = CleanStoreTests.xctest; sourceTree = BUILT_PRODUCTS_DIR; };
		0A3A5B0C1F67EE2E00A95DD5 /* CleanStoreTests.swift */ = {isa = PBXFileReference; lastKnownFileType = sourcecode.swift; path = CleanStoreTests.swift; sourceTree = "<group>"; };
		0A3A5B0E1F67EE2E00A95DD5 /* Info.plist */ = {isa = PBXFileReference; lastKnownFileType = text.plist.xml; path = Info.plist; sourceTree = "<group>"; };
		0A53FD3E1F6694E500B49D52 /* CleanStore.app */ = {isa = PBXFileReference; explicitFileType = wrapper.application; includeInIndex = 0; path = CleanStore.app; sourceTree = BUILT_PRODUCTS_DIR; };
		0A53FD411F6694E500B49D52 /* AppDelegate.swift */ = {isa = PBXFileReference; lastKnownFileType = sourcecode.swift; path = AppDelegate.swift; sourceTree = "<group>"; };
		0A53FD461F6694E500B49D52 /* Base */ = {isa = PBXFileReference; lastKnownFileType = file.storyboard; name = Base; path = Base.lproj/Main.storyboard; sourceTree = "<group>"; };
		0A53FD481F6694E500B49D52 /* Assets.xcassets */ = {isa = PBXFileReference; lastKnownFileType = folder.assetcatalog; path = Assets.xcassets; sourceTree = "<group>"; };
		0A53FD4B1F6694E500B49D52 /* Base */ = {isa = PBXFileReference; lastKnownFileType = file.storyboard; name = Base; path = Base.lproj/LaunchScreen.storyboard; sourceTree = "<group>"; };
		0A53FD4D1F6694E500B49D52 /* Info.plist */ = {isa = PBXFileReference; lastKnownFileType = text.plist.xml; path = Info.plist; sourceTree = "<group>"; };
		0A53FD611F66A34000B49D52 /* CreateOrderInteractor.swift */ = {isa = PBXFileReference; fileEncoding = 4; lastKnownFileType = sourcecode.swift; path = CreateOrderInteractor.swift; sourceTree = "<group>"; };
		0A53FD621F66A34000B49D52 /* CreateOrderModels.swift */ = {isa = PBXFileReference; fileEncoding = 4; lastKnownFileType = sourcecode.swift; path = CreateOrderModels.swift; sourceTree = "<group>"; };
		0A53FD631F66A34000B49D52 /* CreateOrderPresenter.swift */ = {isa = PBXFileReference; fileEncoding = 4; lastKnownFileType = sourcecode.swift; path = CreateOrderPresenter.swift; sourceTree = "<group>"; };
		0A53FD641F66A34000B49D52 /* CreateOrderRouter.swift */ = {isa = PBXFileReference; fileEncoding = 4; lastKnownFileType = sourcecode.swift; path = CreateOrderRouter.swift; sourceTree = "<group>"; };
		0A53FD651F66A34000B49D52 /* CreateOrderViewController.swift */ = {isa = PBXFileReference; fileEncoding = 4; lastKnownFileType = sourcecode.swift; path = CreateOrderViewController.swift; sourceTree = "<group>"; };
		0A53FD661F66A34000B49D52 /* CreateOrderWorker.swift */ = {isa = PBXFileReference; fileEncoding = 4; lastKnownFileType = sourcecode.swift; path = CreateOrderWorker.swift; sourceTree = "<group>"; };
/* End PBXFileReference section */

/* Begin PBXFrameworksBuildPhase section */
		0A3A5B071F67EE2E00A95DD5 /* Frameworks */ = {
			isa = PBXFrameworksBuildPhase;
			buildActionMask = 2147483647;
			files = (
			);
			runOnlyForDeploymentPostprocessing = 0;
		};
		0A53FD3B1F6694E500B49D52 /* Frameworks */ = {
			isa = PBXFrameworksBuildPhase;
			buildActionMask = 2147483647;
			files = (
			);
			runOnlyForDeploymentPostprocessing = 0;
		};
/* End PBXFrameworksBuildPhase section */

/* Begin PBXGroup section */
		0A3A5AF91F67EDB900A95DD5 /* ListOrders */ = {
			isa = PBXGroup;
			children = (
				0A3A5AFA1F67EE0900A95DD5 /* ListOrdersInteractor.swift */,
				0A3A5AFB1F67EE0900A95DD5 /* ListOrdersModels.swift */,
				0A3A5AFC1F67EE0900A95DD5 /* ListOrdersPresenter.swift */,
				0A3A5AFD1F67EE0900A95DD5 /* ListOrdersRouter.swift */,
				0A3A5AFE1F67EE0900A95DD5 /* ListOrdersViewController.swift */,
				0A3A5AFF1F67EE0900A95DD5 /* ListOrdersWorker.swift */,
			);
			name = ListOrders;
			sourceTree = "<group>";
		};
		0A3A5B0B1F67EE2E00A95DD5 /* CleanStoreTests */ = {
			isa = PBXGroup;
			children = (
				0A3A5B0C1F67EE2E00A95DD5 /* CleanStoreTests.swift */,
				0A3A5B0E1F67EE2E00A95DD5 /* Info.plist */,
			);
			path = CleanStoreTests;
			sourceTree = "<group>";
		};
		0A53FD351F6694E500B49D52 = {
			isa = PBXGroup;
			children = (
				0A53FD401F6694E500B49D52 /* CleanStore */,
				0A3A5B0B1F67EE2E00A95DD5 /* CleanStoreTests */,
				0A53FD3F1F6694E500B49D52 /* Products */,
			);
			sourceTree = "<group>";
		};
		0A53FD3F1F6694E500B49D52 /* Products */ = {
			isa = PBXGroup;
			children = (
				0A53FD3E1F6694E500B49D52 /* CleanStore.app */,
				0A3A5B0A1F67EE2E00A95DD5 /* CleanStoreTests.xctest */,
			);
			name = Products;
			sourceTree = "<group>";
		};
		0A53FD401F6694E500B49D52 /* CleanStore */ = {
			isa = PBXGroup;
			children = (
				0A53FD531F6694FE00B49D52 /* Scenes */,
				0A53FD411F6694E500B49D52 /* AppDelegate.swift */,
				0A53FD451F6694E500B49D52 /* Main.storyboard */,
				0A53FD481F6694E500B49D52 /* Assets.xcassets */,
				0A53FD4A1F6694E500B49D52 /* LaunchScreen.storyboard */,
				0A53FD4D1F6694E500B49D52 /* Info.plist */,
			);
			path = CleanStore;
			sourceTree = "<group>";
		};
		0A53FD531F6694FE00B49D52 /* Scenes */ = {
			isa = PBXGroup;
			children = (
				0A3A5AF91F67EDB900A95DD5 /* ListOrders */,
				0A53FD541F66950500B49D52 /* CreateOrder */,
			);
			name = Scenes;
			sourceTree = "<group>";
		};
		0A53FD541F66950500B49D52 /* CreateOrder */ = {
			isa = PBXGroup;
			children = (
				0A53FD611F66A34000B49D52 /* CreateOrderInteractor.swift */,
				0A53FD621F66A34000B49D52 /* CreateOrderModels.swift */,
				0A53FD631F66A34000B49D52 /* CreateOrderPresenter.swift */,
				0A53FD641F66A34000B49D52 /* CreateOrderRouter.swift */,
				0A53FD651F66A34000B49D52 /* CreateOrderViewController.swift */,
				0A53FD661F66A34000B49D52 /* CreateOrderWorker.swift */,
			);
			name = CreateOrder;
			sourceTree = "<group>";
		};
/* End PBXGroup section */

/* Begin PBXNativeTarget section */
		0A3A5B091F67EE2E00A95DD5 /* CleanStoreTests */ = {
			isa = PBXNativeTarget;
			buildConfigurationList = 0A3A5B111F67EE2E00A95DD5 /* Build configuration list for PBXNativeTarget "CleanStoreTests" */;
			buildPhases = (
				0A3A5B061F67EE2E00A95DD5 /* Sources */,
				0A3A5B071F67EE2E00A95DD5 /* Frameworks */,
				0A3A5B081F67EE2E00A95DD5 /* Resources */,
			);
			buildRules = (
			);
			dependencies = (
				0A3A5B101F67EE2E00A95DD5 /* PBXTargetDependency */,
			);
			name = CleanStoreTests;
			productName = CleanStoreTests;
			productReference = 0A3A5B0A1F67EE2E00A95DD5 /* CleanStoreTests.xctest */;
			productType = "com.apple.product-type.bundle.unit-test";
		};
		0A53FD3D1F6694E500B49D52 /* CleanStore */ = {
			isa = PBXNativeTarget;
			buildConfigurationList = 0A53FD501F6694E500B49D52 /* Build configuration list for PBXNativeTarget "CleanStore" */;
			buildPhases = (
				0A53FD3A1F6694E500B49D52 /* Sources */,
				0A53FD3B1F6694E500B49D52 /* Frameworks */,
				0A53FD3C1F6694E500B49D52 /* Resources */,
			);
			buildRules = (
			);
			dependencies = (
			);
			name = CleanStore;
			productName = CleanStore;
			productReference = 0A53FD3E1F6694E500B49D52 /* CleanStore.app */;
			productType = "com.apple.product-type.application";
		};
/* End PBXNativeTarget section */

/* Begin PBXProject section */
		0A53FD361F6694E500B49D52 /* Project object */ = {
			isa = PBXProject;
			attributes = {
				LastSwiftUpdateCheck = 0830;
				LastUpgradeCheck = 0830;
				ORGANIZATIONNAME = "Carlos Cortés Sánchez";
				TargetAttributes = {
					0A3A5B091F67EE2E00A95DD5 = {
						CreatedOnToolsVersion = 8.3.3;
						DevelopmentTeam = 876L3LH7TJ;
						ProvisioningStyle = Automatic;
						TestTargetID = 0A53FD3D1F6694E500B49D52;
					};
					0A53FD3D1F6694E500B49D52 = {
						CreatedOnToolsVersion = 8.3.3;
						DevelopmentTeam = 876L3LH7TJ;
						ProvisioningStyle = Automatic;
					};
				};
			};
			buildConfigurationList = 0A53FD391F6694E500B49D52 /* Build configuration list for PBXProject "CleanStore" */;
			compatibilityVersion = "Xcode 3.2";
			developmentRegion = English;
			hasScannedForEncodings = 0;
			knownRegions = (
				en,
				Base,
			);
			mainGroup = 0A53FD351F6694E500B49D52;
			productRefGroup = 0A53FD3F1F6694E500B49D52 /* Products */;
			projectDirPath = "";
			projectRoot = "";
			targets = (
				0A53FD3D1F6694E500B49D52 /* CleanStore */,
				0A3A5B091F67EE2E00A95DD5 /* CleanStoreTests */,
			);
		};
/* End PBXProject section */

/* Begin PBXResourcesBuildPhase section */
		0A3A5B081F67EE2E00A95DD5 /* Resources */ = {
			isa = PBXResourcesBuildPhase;
			buildActionMask = 2147483647;
			files = (
			);
			runOnlyForDeploymentPostprocessing = 0;
		};
		0A53FD3C1F6694E500B49D52 /* Resources */ = {
			isa = PBXResourcesBuildPhase;
			buildActionMask = 2147483647;
			files = (
				0A53FD4C1F6694E500B49D52 /* LaunchScreen.storyboard in Resources */,
				0A53FD491F6694E500B49D52 /* Assets.xcassets in Resources */,
				0A53FD471F6694E500B49D52 /* Main.storyboard in Resources */,
			);
			runOnlyForDeploymentPostprocessing = 0;
		};
/* End PBXResourcesBuildPhase section */

/* Begin PBXSourcesBuildPhase section */
		0A3A5B061F67EE2E00A95DD5 /* Sources */ = {
			isa = PBXSourcesBuildPhase;
			buildActionMask = 2147483647;
			files = (
				0A3A5B0D1F67EE2E00A95DD5 /* CleanStoreTests.swift in Sources */,
			);
			runOnlyForDeploymentPostprocessing = 0;
		};
		0A53FD3A1F6694E500B49D52 /* Sources */ = {
			isa = PBXSourcesBuildPhase;
			buildActionMask = 2147483647;
			files = (
				0A3A5B031F67EE0900A95DD5 /* ListOrdersRouter.swift in Sources */,
				0A3A5B011F67EE0900A95DD5 /* ListOrdersModels.swift in Sources */,
				0A3A5B051F67EE0900A95DD5 /* ListOrdersWorker.swift in Sources */,
				0A53FD691F66A34000B49D52 /* CreateOrderPresenter.swift in Sources */,
				0A3A5B041F67EE0900A95DD5 /* ListOrdersViewController.swift in Sources */,
				0A53FD6B1F66A34000B49D52 /* CreateOrderViewController.swift in Sources */,
				0A53FD421F6694E500B49D52 /* AppDelegate.swift in Sources */,
				0A3A5B001F67EE0900A95DD5 /* ListOrdersInteractor.swift in Sources */,
				0A53FD6C1F66A34000B49D52 /* CreateOrderWorker.swift in Sources */,
				0A53FD681F66A34000B49D52 /* CreateOrderModels.swift in Sources */,
				0A53FD671F66A34000B49D52 /* CreateOrderInteractor.swift in Sources */,
				0A53FD6A1F66A34000B49D52 /* CreateOrderRouter.swift in Sources */,
				0A3A5B021F67EE0900A95DD5 /* ListOrdersPresenter.swift in Sources */,
			);
			runOnlyForDeploymentPostprocessing = 0;
		};
/* End PBXSourcesBuildPhase section */

/* Begin PBXTargetDependency section */
		0A3A5B101F67EE2E00A95DD5 /* PBXTargetDependency */ = {
			isa = PBXTargetDependency;
			target = 0A53FD3D1F6694E500B49D52 /* CleanStore */;
			targetProxy = 0A3A5B0F1F67EE2E00A95DD5 /* PBXContainerItemProxy */;
		};
/* End PBXTargetDependency section */

/* Begin PBXVariantGroup section */
		0A53FD451F6694E500B49D52 /* Main.storyboard */ = {
			isa = PBXVariantGroup;
			children = (
				0A53FD461F6694E500B49D52 /* Base */,
			);
			name = Main.storyboard;
			sourceTree = "<group>";
		};
		0A53FD4A1F6694E500B49D52 /* LaunchScreen.storyboard */ = {
			isa = PBXVariantGroup;
			children = (
				0A53FD4B1F6694E500B49D52 /* Base */,
			);
			name = LaunchScreen.storyboard;
			sourceTree = "<group>";
		};
/* End PBXVariantGroup section */

/* Begin XCBuildConfiguration section */
		0A3A5B121F67EE2E00A95DD5 /* Debug */ = {
			isa = XCBuildConfiguration;
			buildSettings = {
				BUNDLE_LOADER = "$(TEST_HOST)";
				DEVELOPMENT_TEAM = 876L3LH7TJ;
				INFOPLIST_FILE = CleanStoreTests/Info.plist;
				LD_RUNPATH_SEARCH_PATHS = "$(inherited) @executable_path/Frameworks @loader_path/Frameworks";
				PRODUCT_BUNDLE_IDENTIFIER = com.gmv.CleanStoreTests;
				PRODUCT_NAME = "$(TARGET_NAME)";
				SWIFT_VERSION = 3.0;
				TEST_HOST = "$(BUILT_PRODUCTS_DIR)/CleanStore.app/CleanStore";
			};
			name = Debug;
		};
		0A3A5B131F67EE2E00A95DD5 /* Release */ = {
			isa = XCBuildConfiguration;
			buildSettings = {
				BUNDLE_LOADER = "$(TEST_HOST)";
				DEVELOPMENT_TEAM = 876L3LH7TJ;
				INFOPLIST_FILE = CleanStoreTests/Info.plist;
				LD_RUNPATH_SEARCH_PATHS = "$(inherited) @executable_path/Frameworks @loader_path/Frameworks";
				PRODUCT_BUNDLE_IDENTIFIER = com.gmv.CleanStoreTests;
				PRODUCT_NAME = "$(TARGET_NAME)";
				SWIFT_VERSION = 3.0;
				TEST_HOST = "$(BUILT_PRODUCTS_DIR)/CleanStore.app/CleanStore";
			};
			name = Release;
		};
		0A53FD4E1F6694E500B49D52 /* Debug */ = {
			isa = XCBuildConfiguration;
			buildSettings = {
				ALWAYS_SEARCH_USER_PATHS = NO;
				CLANG_ANALYZER_NONNULL = YES;
				CLANG_ANALYZER_NUMBER_OBJECT_CONVERSION = YES_AGGRESSIVE;
				CLANG_CXX_LANGUAGE_STANDARD = "gnu++0x";
				CLANG_CXX_LIBRARY = "libc++";
				CLANG_ENABLE_MODULES = YES;
				CLANG_ENABLE_OBJC_ARC = YES;
				CLANG_WARN_BOOL_CONVERSION = YES;
				CLANG_WARN_CONSTANT_CONVERSION = YES;
				CLANG_WARN_DIRECT_OBJC_ISA_USAGE = YES_ERROR;
				CLANG_WARN_DOCUMENTATION_COMMENTS = YES;
				CLANG_WARN_EMPTY_BODY = YES;
				CLANG_WARN_ENUM_CONVERSION = YES;
				CLANG_WARN_INFINITE_RECURSION = YES;
				CLANG_WARN_INT_CONVERSION = YES;
				CLANG_WARN_OBJC_ROOT_CLASS = YES_ERROR;
				CLANG_WARN_SUSPICIOUS_MOVE = YES;
				CLANG_WARN_UNREACHABLE_CODE = YES;
				CLANG_WARN__DUPLICATE_METHOD_MATCH = YES;
				"CODE_SIGN_IDENTITY[sdk=iphoneos*]" = "iPhone Developer";
				COPY_PHASE_STRIP = NO;
				DEBUG_INFORMATION_FORMAT = dwarf;
				ENABLE_STRICT_OBJC_MSGSEND = YES;
				ENABLE_TESTABILITY = YES;
				GCC_C_LANGUAGE_STANDARD = gnu99;
				GCC_DYNAMIC_NO_PIC = NO;
				GCC_NO_COMMON_BLOCKS = YES;
				GCC_OPTIMIZATION_LEVEL = 0;
				GCC_PREPROCESSOR_DEFINITIONS = (
					"DEBUG=1",
					"$(inherited)",
				);
				GCC_WARN_64_TO_32_BIT_CONVERSION = YES;
				GCC_WARN_ABOUT_RETURN_TYPE = YES_ERROR;
				GCC_WARN_UNDECLARED_SELECTOR = YES;
				GCC_WARN_UNINITIALIZED_AUTOS = YES_AGGRESSIVE;
				GCC_WARN_UNUSED_FUNCTION = YES;
				GCC_WARN_UNUSED_VARIABLE = YES;
				IPHONEOS_DEPLOYMENT_TARGET = 10.3;
				MTL_ENABLE_DEBUG_INFO = YES;
				ONLY_ACTIVE_ARCH = YES;
				SDKROOT = iphoneos;
				SWIFT_ACTIVE_COMPILATION_CONDITIONS = DEBUG;
				SWIFT_OPTIMIZATION_LEVEL = "-Onone";
				TARGETED_DEVICE_FAMILY = "1,2";
			};
			name = Debug;
		};
		0A53FD4F1F6694E500B49D52 /* Release */ = {
			isa = XCBuildConfiguration;
			buildSettings = {
				ALWAYS_SEARCH_USER_PATHS = NO;
				CLANG_ANALYZER_NONNULL = YES;
				CLANG_ANALYZER_NUMBER_OBJECT_CONVERSION = YES_AGGRESSIVE;
				CLANG_CXX_LANGUAGE_STANDARD = "gnu++0x";
				CLANG_CXX_LIBRARY = "libc++";
				CLANG_ENABLE_MODULES = YES;
				CLANG_ENABLE_OBJC_ARC = YES;
				CLANG_WARN_BOOL_CONVERSION = YES;
				CLANG_WARN_CONSTANT_CONVERSION = YES;
				CLANG_WARN_DIRECT_OBJC_ISA_USAGE = YES_ERROR;
				CLANG_WARN_DOCUMENTATION_COMMENTS = YES;
				CLANG_WARN_EMPTY_BODY = YES;
				CLANG_WARN_ENUM_CONVERSION = YES;
				CLANG_WARN_INFINITE_RECURSION = YES;
				CLANG_WARN_INT_CONVERSION = YES;
				CLANG_WARN_OBJC_ROOT_CLASS = YES_ERROR;
				CLANG_WARN_SUSPICIOUS_MOVE = YES;
				CLANG_WARN_UNREACHABLE_CODE = YES;
				CLANG_WARN__DUPLICATE_METHOD_MATCH = YES;
				"CODE_SIGN_IDENTITY[sdk=iphoneos*]" = "iPhone Developer";
				COPY_PHASE_STRIP = NO;
				DEBUG_INFORMATION_FORMAT = "dwarf-with-dsym";
				ENABLE_NS_ASSERTIONS = NO;
				ENABLE_STRICT_OBJC_MSGSEND = YES;
				GCC_C_LANGUAGE_STANDARD = gnu99;
				GCC_NO_COMMON_BLOCKS = YES;
				GCC_WARN_64_TO_32_BIT_CONVERSION = YES;
				GCC_WARN_ABOUT_RETURN_TYPE = YES_ERROR;
				GCC_WARN_UNDECLARED_SELECTOR = YES;
				GCC_WARN_UNINITIALIZED_AUTOS = YES_AGGRESSIVE;
				GCC_WARN_UNUSED_FUNCTION = YES;
				GCC_WARN_UNUSED_VARIABLE = YES;
				IPHONEOS_DEPLOYMENT_TARGET = 10.3;
				MTL_ENABLE_DEBUG_INFO = NO;
				SDKROOT = iphoneos;
				SWIFT_OPTIMIZATION_LEVEL = "-Owholemodule";
				TARGETED_DEVICE_FAMILY = "1,2";
				VALIDATE_PRODUCT = YES;
			};
			name = Release;
		};
		0A53FD511F6694E500B49D52 /* Debug */ = {
			isa = XCBuildConfiguration;
			buildSettings = {
				ASSETCATALOG_COMPILER_APPICON_NAME = AppIcon;
				DEVELOPMENT_TEAM = 876L3LH7TJ;
				INFOPLIST_FILE = CleanStore/Info.plist;
				LD_RUNPATH_SEARCH_PATHS = "$(inherited) @executable_path/Frameworks";
				PRODUCT_BUNDLE_IDENTIFIER = com.gmv.CleanStore;
				PRODUCT_NAME = "$(TARGET_NAME)";
				SWIFT_VERSION = 3.0;
			};
			name = Debug;
		};
		0A53FD521F6694E500B49D52 /* Release */ = {
			isa = XCBuildConfiguration;
			buildSettings = {
				ASSETCATALOG_COMPILER_APPICON_NAME = AppIcon;
				DEVELOPMENT_TEAM = 876L3LH7TJ;
				INFOPLIST_FILE = CleanStore/Info.plist;
				LD_RUNPATH_SEARCH_PATHS = "$(inherited) @executable_path/Frameworks";
				PRODUCT_BUNDLE_IDENTIFIER = com.gmv.CleanStore;
				PRODUCT_NAME = "$(TARGET_NAME)";
				SWIFT_VERSION = 3.0;
			};
			name = Release;
		};
/* End XCBuildConfiguration section */

/* Begin XCConfigurationList section */
		0A3A5B111F67EE2E00A95DD5 /* Build configuration list for PBXNativeTarget "CleanStoreTests" */ = {
			isa = XCConfigurationList;
			buildConfigurations = (
				0A3A5B121F67EE2E00A95DD5 /* Debug */,
				0A3A5B131F67EE2E00A95DD5 /* Release */,
			);
			defaultConfigurationIsVisible = 0;
		};
		0A53FD391F6694E500B49D52 /* Build configuration list for PBXProject "CleanStore" */ = {
			isa = XCConfigurationList;
			buildConfigurations = (
				0A53FD4E1F6694E500B49D52 /* Debug */,
				0A53FD4F1F6694E500B49D52 /* Release */,
			);
			defaultConfigurationIsVisible = 0;
			defaultConfigurationName = Release;
		};
		0A53FD501F6694E500B49D52 /* Build configuration list for PBXNativeTarget "CleanStore" */ = {
			isa = XCConfigurationList;
			buildConfigurations = (
				0A53FD511F6694E500B49D52 /* Debug */,
				0A53FD521F6694E500B49D52 /* Release */,
			);
			defaultConfigurationIsVisible = 0;
			defaultConfigurationName = Release;
		};
/* End XCConfigurationList section */
	};
	rootObject = 0A53FD361F6694E500B49D52 /* Project object */;
}
